
Microsoft Visual Studio Solution File, Format Version 12.00
# Visual Studio 15
VisualStudioVersion = 15.0.27130.2010
MinimumVisualStudioVersion = 10.0.40219.1
Project("{FAE04EC0-301F-11D3-BF4B-00C04F79EFBC}") = "ejercicio2", "ejercicio2\ejercicio2.csproj", "{0E72E100-BD9D-46FC-8FC2-E1263D20E74F}"
EndProject
Global
	GlobalSection(SolutionConfigurationPlatforms) = preSolution
		Debug|Any CPU = Debug|Any CPU
		Release|Any CPU = Release|Any CPU
	EndGlobalSection
	GlobalSection(ProjectConfigurationPlatforms) = postSolution
		{0E72E100-BD9D-46FC-8FC2-E1263D20E74F}.Debug|Any CPU.ActiveCfg = Debug|Any CPU
		{0E72E100-BD9D-46FC-8FC2-E1263D20E74F}.Debug|Any CPU.Build.0 = Debug|Any CPU
		{0E72E100-BD9D-46FC-8FC2-E1263D20E74F}.Release|Any CPU.ActiveCfg = Release|Any CPU
		{0E72E100-BD9D-46FC-8FC2-E1263D20E74F}.Release|Any CPU.Build.0 = Release|Any CPU
	EndGlobalSection
	GlobalSection(SolutionProperties) = preSolution
		HideSolutionNode = FALSE
	EndGlobalSection
	GlobalSection(ExtensibilityGlobals) = postSolution
		SolutionGuid = {E140E03F-7457-4603-9C3C-7B27ED85C4A5}
	EndGlobalSection
EndGlobal
