
Microsoft Visual Studio Solution File, Format Version 12.00
# Visual Studio 15
VisualStudioVersion = 15.0.27703.2042
MinimumVisualStudioVersion = 10.0.40219.1
Project("{FAE04EC0-301F-11D3-BF4B-00C04F79EFBC}") = "ejercicio9", "ejercicio9\ejercicio9.csproj", "{12843E3F-1062-491D-9F38-90D3FC1196FC}"
EndProject
Global
	GlobalSection(SolutionConfigurationPlatforms) = preSolution
		Debug|Any CPU = Debug|Any CPU
		Release|Any CPU = Release|Any CPU
	EndGlobalSection
	GlobalSection(ProjectConfigurationPlatforms) = postSolution
		{12843E3F-1062-491D-9F38-90D3FC1196FC}.Debug|Any CPU.ActiveCfg = Debug|Any CPU
		{12843E3F-1062-491D-9F38-90D3FC1196FC}.Debug|Any CPU.Build.0 = Debug|Any CPU
		{12843E3F-1062-491D-9F38-90D3FC1196FC}.Release|Any CPU.ActiveCfg = Release|Any CPU
		{12843E3F-1062-491D-9F38-90D3FC1196FC}.Release|Any CPU.Build.0 = Release|Any CPU
	EndGlobalSection
	GlobalSection(SolutionProperties) = preSolution
		HideSolutionNode = FALSE
	EndGlobalSection
	GlobalSection(ExtensibilityGlobals) = postSolution
		SolutionGuid = {017EBD03-BDC8-42C5-986E-2F1DDE8DC070}
	EndGlobalSection
EndGlobal
