
Microsoft Visual Studio Solution File, Format Version 12.00
# Visual Studio 15
VisualStudioVersion = 15.0.27703.2042
MinimumVisualStudioVersion = 10.0.40219.1
Project("{FAE04EC0-301F-11D3-BF4B-00C04F79EFBC}") = "ejercicio10", "ejercicio10\ejercicio10.csproj", "{55538E76-13E6-48D5-8C76-E2FDD87A2ECA}"
EndProject
Global
	GlobalSection(SolutionConfigurationPlatforms) = preSolution
		Debug|Any CPU = Debug|Any CPU
		Release|Any CPU = Release|Any CPU
	EndGlobalSection
	GlobalSection(ProjectConfigurationPlatforms) = postSolution
		{55538E76-13E6-48D5-8C76-E2FDD87A2ECA}.Debug|Any CPU.ActiveCfg = Debug|Any CPU
		{55538E76-13E6-48D5-8C76-E2FDD87A2ECA}.Debug|Any CPU.Build.0 = Debug|Any CPU
		{55538E76-13E6-48D5-8C76-E2FDD87A2ECA}.Release|Any CPU.ActiveCfg = Release|Any CPU
		{55538E76-13E6-48D5-8C76-E2FDD87A2ECA}.Release|Any CPU.Build.0 = Release|Any CPU
	EndGlobalSection
	GlobalSection(SolutionProperties) = preSolution
		HideSolutionNode = FALSE
	EndGlobalSection
	GlobalSection(ExtensibilityGlobals) = postSolution
		SolutionGuid = {696D36D8-5FDD-4408-9A9C-AA8BB391F301}
	EndGlobalSection
EndGlobal
