
Microsoft Visual Studio Solution File, Format Version 12.00
# Visual Studio 15
VisualStudioVersion = 15.0.27703.2042
MinimumVisualStudioVersion = 10.0.40219.1
Project("{FAE04EC0-301F-11D3-BF4B-00C04F79EFBC}") = "ejercicio5", "ejercicio5\ejercicio5.csproj", "{3E823963-35B1-4508-8974-0D4B5E1EA713}"
EndProject
Global
	GlobalSection(SolutionConfigurationPlatforms) = preSolution
		Debug|Any CPU = Debug|Any CPU
		Release|Any CPU = Release|Any CPU
	EndGlobalSection
	GlobalSection(ProjectConfigurationPlatforms) = postSolution
		{3E823963-35B1-4508-8974-0D4B5E1EA713}.Debug|Any CPU.ActiveCfg = Debug|Any CPU
		{3E823963-35B1-4508-8974-0D4B5E1EA713}.Debug|Any CPU.Build.0 = Debug|Any CPU
		{3E823963-35B1-4508-8974-0D4B5E1EA713}.Release|Any CPU.ActiveCfg = Release|Any CPU
		{3E823963-35B1-4508-8974-0D4B5E1EA713}.Release|Any CPU.Build.0 = Release|Any CPU
	EndGlobalSection
	GlobalSection(SolutionProperties) = preSolution
		HideSolutionNode = FALSE
	EndGlobalSection
	GlobalSection(ExtensibilityGlobals) = postSolution
		SolutionGuid = {62FAD670-5DE3-4F82-8633-F17001BC0CD5}
	EndGlobalSection
EndGlobal
